// !$*UTF8*$!
{
	archiveVersion = 1;
	classes = {
	};
	objectVersion = 56;
	objects = {

/* Begin PBXBuildFile section */
		8B2953772910656E00357DE4 /* AppDelegate.swift in Sources */ = {isa = PBXBuildFile; fileRef = 8B2953762910656E00357DE4 /* AppDelegate.swift */; };
		8B2953792910656E00357DE4 /* SceneDelegate.swift in Sources */ = {isa = PBXBuildFile; fileRef = 8B2953782910656E00357DE4 /* SceneDelegate.swift */; };
		8B2953802910657000357DE4 /* Assets.xcassets in Resources */ = {isa = PBXBuildFile; fileRef = 8B29537F2910657000357DE4 /* Assets.xcassets */; };
		8B2953832910657000357DE4 /* LaunchScreen.storyboard in Resources */ = {isa = PBXBuildFile; fileRef = 8B2953812910657000357DE4 /* LaunchScreen.storyboard */; };
		8B29538C2910661500357DE4 /* MainView.swift in Sources */ = {isa = PBXBuildFile; fileRef = 8B29538B2910661500357DE4 /* MainView.swift */; };
		8B29538E291067B800357DE4 /* MainViewModel.swift in Sources */ = {isa = PBXBuildFile; fileRef = 8B29538D291067B800357DE4 /* MainViewModel.swift */; };
		8B2953902910691200357DE4 /* FlickrRepository.swift in Sources */ = {isa = PBXBuildFile; fileRef = 8B29538F2910691200357DE4 /* FlickrRepository.swift */; };
		8B2953942910694700357DE4 /* FlickrImage.swift in Sources */ = {isa = PBXBuildFile; fileRef = 8B2953932910694700357DE4 /* FlickrImage.swift */; };
		8B2953982910745B00357DE4 /* APIClient.swift in Sources */ = {isa = PBXBuildFile; fileRef = 8B2953972910745B00357DE4 /* APIClient.swift */; };
		8B29539A2910747A00357DE4 /* APIRequest.swift in Sources */ = {isa = PBXBuildFile; fileRef = 8B2953992910747A00357DE4 /* APIRequest.swift */; };
		8B29539C2910749000357DE4 /* APIError.swift in Sources */ = {isa = PBXBuildFile; fileRef = 8B29539B2910748F00357DE4 /* APIError.swift */; };
		8B2953A0291074C800357DE4 /* FlickrEndpoint.swift in Sources */ = {isa = PBXBuildFile; fileRef = 8B29539F291074C800357DE4 /* FlickrEndpoint.swift */; };
		8B2953A32910800B00357DE4 /* FlickrAPIResponse.swift in Sources */ = {isa = PBXBuildFile; fileRef = 8B2953A22910800B00357DE4 /* FlickrAPIResponse.swift */; };
		8B29F5042912FC75009CFD7A /* Readme.md in Resources */ = {isa = PBXBuildFile; fileRef = 8B29F5032912FC75009CFD7A /* Readme.md */; };
		8BD4B3A42911B56D000ADDAD /* ImageRepository.swift in Sources */ = {isa = PBXBuildFile; fileRef = 8BD4B3A32911B56D000ADDAD /* ImageRepository.swift */; };
/* End PBXBuildFile section */

/* Begin PBXFileReference section */
		8B2953732910656E00357DE4 /* LocationFlickrChallenge.app */ = {isa = PBXFileReference; explicitFileType = wrapper.application; includeInIndex = 0; path = LocationFlickrChallenge.app; sourceTree = BUILT_PRODUCTS_DIR; };
		8B2953762910656E00357DE4 /* AppDelegate.swift */ = {isa = PBXFileReference; lastKnownFileType = sourcecode.swift; path = AppDelegate.swift; sourceTree = "<group>"; };
		8B2953782910656E00357DE4 /* SceneDelegate.swift */ = {isa = PBXFileReference; lastKnownFileType = sourcecode.swift; path = SceneDelegate.swift; sourceTree = "<group>"; };
		8B29537F2910657000357DE4 /* Assets.xcassets */ = {isa = PBXFileReference; lastKnownFileType = folder.assetcatalog; path = Assets.xcassets; sourceTree = "<group>"; };
		8B2953822910657000357DE4 /* Base */ = {isa = PBXFileReference; lastKnownFileType = file.storyboard; name = Base; path = Base.lproj/LaunchScreen.storyboard; sourceTree = "<group>"; };
		8B2953842910657000357DE4 /* Info.plist */ = {isa = PBXFileReference; lastKnownFileType = text.plist.xml; path = Info.plist; sourceTree = "<group>"; };
		8B29538B2910661500357DE4 /* MainView.swift */ = {isa = PBXFileReference; lastKnownFileType = sourcecode.swift; path = MainView.swift; sourceTree = "<group>"; };
		8B29538D291067B800357DE4 /* MainViewModel.swift */ = {isa = PBXFileReference; lastKnownFileType = sourcecode.swift; path = MainViewModel.swift; sourceTree = "<group>"; };
		8B29538F2910691200357DE4 /* FlickrRepository.swift */ = {isa = PBXFileReference; lastKnownFileType = sourcecode.swift; path = FlickrRepository.swift; sourceTree = "<group>"; };
		8B2953932910694700357DE4 /* FlickrImage.swift */ = {isa = PBXFileReference; lastKnownFileType = sourcecode.swift; path = FlickrImage.swift; sourceTree = "<group>"; };
		8B2953972910745B00357DE4 /* APIClient.swift */ = {isa = PBXFileReference; lastKnownFileType = sourcecode.swift; path = APIClient.swift; sourceTree = "<group>"; };
		8B2953992910747A00357DE4 /* APIRequest.swift */ = {isa = PBXFileReference; lastKnownFileType = sourcecode.swift; path = APIRequest.swift; sourceTree = "<group>"; };
		8B29539B2910748F00357DE4 /* APIError.swift */ = {isa = PBXFileReference; lastKnownFileType = sourcecode.swift; path = APIError.swift; sourceTree = "<group>"; };
		8B29539F291074C800357DE4 /* FlickrEndpoint.swift */ = {isa = PBXFileReference; lastKnownFileType = sourcecode.swift; path = FlickrEndpoint.swift; sourceTree = "<group>"; };
		8B2953A22910800B00357DE4 /* FlickrAPIResponse.swift */ = {isa = PBXFileReference; lastKnownFileType = sourcecode.swift; path = FlickrAPIResponse.swift; sourceTree = "<group>"; };
		8B29F5032912FC75009CFD7A /* Readme.md */ = {isa = PBXFileReference; fileEncoding = 4; lastKnownFileType = net.daringfireball.markdown; path = Readme.md; sourceTree = "<group>"; };
		8BD4B3A32911B56D000ADDAD /* ImageRepository.swift */ = {isa = PBXFileReference; lastKnownFileType = sourcecode.swift; path = ImageRepository.swift; sourceTree = "<group>"; };
/* End PBXFileReference section */

/* Begin PBXFrameworksBuildPhase section */
		8B2953702910656E00357DE4 /* Frameworks */ = {
			isa = PBXFrameworksBuildPhase;
			buildActionMask = 2147483647;
			files = (
			);
			runOnlyForDeploymentPostprocessing = 0;
		};
/* End PBXFrameworksBuildPhase section */

/* Begin PBXGroup section */
		8B29536A2910656E00357DE4 = {
			isa = PBXGroup;
			children = (
				8B29F5032912FC75009CFD7A /* Readme.md */,
				8B2953752910656E00357DE4 /* LocationFlickrChallenge */,
				8B2953742910656E00357DE4 /* Products */,
			);
			sourceTree = "<group>";
		};
		8B2953742910656E00357DE4 /* Products */ = {
			isa = PBXGroup;
			children = (
				8B2953732910656E00357DE4 /* LocationFlickrChallenge.app */,
			);
			name = Products;
			sourceTree = "<group>";
		};
		8B2953752910656E00357DE4 /* LocationFlickrChallenge */ = {
			isa = PBXGroup;
			children = (
				8B2953762910656E00357DE4 /* AppDelegate.swift */,
				8B2953782910656E00357DE4 /* SceneDelegate.swift */,
				8B295395291069CD00357DE4 /* Screens */,
				8B2953922910693D00357DE4 /* Models */,
				8B2953912910691800357DE4 /* Repositories */,
				8B2953962910744100357DE4 /* Network */,
				8B29538A291065D600357DE4 /* Supporting files */,
			);
			path = LocationFlickrChallenge;
			sourceTree = "<group>";
		};
		8B29538A291065D600357DE4 /* Supporting files */ = {
			isa = PBXGroup;
			children = (
				8B29537F2910657000357DE4 /* Assets.xcassets */,
				8B2953812910657000357DE4 /* LaunchScreen.storyboard */,
				8B2953842910657000357DE4 /* Info.plist */,
			);
			path = "Supporting files";
			sourceTree = "<group>";
		};
		8B2953912910691800357DE4 /* Repositories */ = {
			isa = PBXGroup;
			children = (
				8B29538F2910691200357DE4 /* FlickrRepository.swift */,
				8BD4B3A32911B56D000ADDAD /* ImageRepository.swift */,
			);
			path = Repositories;
			sourceTree = "<group>";
		};
		8B2953922910693D00357DE4 /* Models */ = {
			isa = PBXGroup;
			children = (
				8B2953932910694700357DE4 /* FlickrImage.swift */,
			);
			path = Models;
			sourceTree = "<group>";
		};
		8B295395291069CD00357DE4 /* Screens */ = {
			isa = PBXGroup;
			children = (
				8B29538B2910661500357DE4 /* MainView.swift */,
				8B29538D291067B800357DE4 /* MainViewModel.swift */,
			);
			path = Screens;
			sourceTree = "<group>";
		};
		8B2953962910744100357DE4 /* Network */ = {
			isa = PBXGroup;
			children = (
				8B29539E291074B900357DE4 /* API */,
				8B29539D291074AB00357DE4 /* Endpoints */,
				8B2953A129107FF500357DE4 /* Response */,
			);
			path = Network;
			sourceTree = "<group>";
		};
		8B29539D291074AB00357DE4 /* Endpoints */ = {
			isa = PBXGroup;
			children = (
				8B29539F291074C800357DE4 /* FlickrEndpoint.swift */,
			);
			path = Endpoints;
			sourceTree = "<group>";
		};
		8B29539E291074B900357DE4 /* API */ = {
			isa = PBXGroup;
			children = (
				8B2953972910745B00357DE4 /* APIClient.swift */,
				8B2953992910747A00357DE4 /* APIRequest.swift */,
				8B29539B2910748F00357DE4 /* APIError.swift */,
			);
			path = API;
			sourceTree = "<group>";
		};
		8B2953A129107FF500357DE4 /* Response */ = {
			isa = PBXGroup;
			children = (
				8B2953A22910800B00357DE4 /* FlickrAPIResponse.swift */,
			);
			path = Response;
			sourceTree = "<group>";
		};
/* End PBXGroup section */

/* Begin PBXNativeTarget section */
		8B2953722910656E00357DE4 /* LocationFlickrChallenge */ = {
			isa = PBXNativeTarget;
			buildConfigurationList = 8B2953872910657000357DE4 /* Build configuration list for PBXNativeTarget "LocationFlickrChallenge" */;
			buildPhases = (
				8B29536F2910656E00357DE4 /* Sources */,
				8B2953702910656E00357DE4 /* Frameworks */,
				8B2953712910656E00357DE4 /* Resources */,
			);
			buildRules = (
			);
			dependencies = (
			);
			name = LocationFlickrChallenge;
			productName = LocationFlickrChallenge;
			productReference = 8B2953732910656E00357DE4 /* LocationFlickrChallenge.app */;
			productType = "com.apple.product-type.application";
		};
/* End PBXNativeTarget section */

/* Begin PBXProject section */
		8B29536B2910656E00357DE4 /* Project object */ = {
			isa = PBXProject;
			attributes = {
				BuildIndependentTargetsInParallel = 1;
				LastSwiftUpdateCheck = 1400;
				LastUpgradeCheck = 1400;
				TargetAttributes = {
					8B2953722910656E00357DE4 = {
						CreatedOnToolsVersion = 14.0;
					};
				};
			};
			buildConfigurationList = 8B29536E2910656E00357DE4 /* Build configuration list for PBXProject "LocationFlickrChallenge" */;
			compatibilityVersion = "Xcode 14.0";
			developmentRegion = en;
			hasScannedForEncodings = 0;
			knownRegions = (
				en,
				Base,
			);
			mainGroup = 8B29536A2910656E00357DE4;
			productRefGroup = 8B2953742910656E00357DE4 /* Products */;
			projectDirPath = "";
			projectRoot = "";
			targets = (
				8B2953722910656E00357DE4 /* LocationFlickrChallenge */,
			);
		};
/* End PBXProject section */

/* Begin PBXResourcesBuildPhase section */
		8B2953712910656E00357DE4 /* Resources */ = {
			isa = PBXResourcesBuildPhase;
			buildActionMask = 2147483647;
			files = (
				8B2953832910657000357DE4 /* LaunchScreen.storyboard in Resources */,
				8B2953802910657000357DE4 /* Assets.xcassets in Resources */,
				8B29F5042912FC75009CFD7A /* Readme.md in Resources */,
			);
			runOnlyForDeploymentPostprocessing = 0;
		};
/* End PBXResourcesBuildPhase section */

/* Begin PBXSourcesBuildPhase section */
		8B29536F2910656E00357DE4 /* Sources */ = {
			isa = PBXSourcesBuildPhase;
			buildActionMask = 2147483647;
			files = (
				8B2953772910656E00357DE4 /* AppDelegate.swift in Sources */,
				8B2953982910745B00357DE4 /* APIClient.swift in Sources */,
				8B2953902910691200357DE4 /* FlickrRepository.swift in Sources */,
				8B2953A0291074C800357DE4 /* FlickrEndpoint.swift in Sources */,
				8B2953942910694700357DE4 /* FlickrImage.swift in Sources */,
				8B29538C2910661500357DE4 /* MainView.swift in Sources */,
				8B2953792910656E00357DE4 /* SceneDelegate.swift in Sources */,
				8BD4B3A42911B56D000ADDAD /* ImageRepository.swift in Sources */,
				8B2953A32910800B00357DE4 /* FlickrAPIResponse.swift in Sources */,
				8B29539A2910747A00357DE4 /* APIRequest.swift in Sources */,
				8B29538E291067B800357DE4 /* MainViewModel.swift in Sources */,
				8B29539C2910749000357DE4 /* APIError.swift in Sources */,
			);
			runOnlyForDeploymentPostprocessing = 0;
		};
/* End PBXSourcesBuildPhase section */

/* Begin PBXVariantGroup section */
		8B2953812910657000357DE4 /* LaunchScreen.storyboard */ = {
			isa = PBXVariantGroup;
			children = (
				8B2953822910657000357DE4 /* Base */,
			);
			name = LaunchScreen.storyboard;
			sourceTree = "<group>";
		};
/* End PBXVariantGroup section */

/* Begin XCBuildConfiguration section */
		8B2953852910657000357DE4 /* Debug */ = {
			isa = XCBuildConfiguration;
			buildSettings = {
				ALWAYS_SEARCH_USER_PATHS = NO;
				CLANG_ANALYZER_NONNULL = YES;
				CLANG_ANALYZER_NUMBER_OBJECT_CONVERSION = YES_AGGRESSIVE;
				CLANG_CXX_LANGUAGE_STANDARD = "gnu++20";
				CLANG_ENABLE_MODULES = YES;
				CLANG_ENABLE_OBJC_ARC = YES;
				CLANG_ENABLE_OBJC_WEAK = YES;
				CLANG_WARN_BLOCK_CAPTURE_AUTORELEASING = YES;
				CLANG_WARN_BOOL_CONVERSION = YES;
				CLANG_WARN_COMMA = YES;
				CLANG_WARN_CONSTANT_CONVERSION = YES;
				CLANG_WARN_DEPRECATED_OBJC_IMPLEMENTATIONS = YES;
				CLANG_WARN_DIRECT_OBJC_ISA_USAGE = YES_ERROR;
				CLANG_WARN_DOCUMENTATION_COMMENTS = YES;
				CLANG_WARN_EMPTY_BODY = YES;
				CLANG_WARN_ENUM_CONVERSION = YES;
				CLANG_WARN_INFINITE_RECURSION = YES;
				CLANG_WARN_INT_CONVERSION = YES;
				CLANG_WARN_NON_LITERAL_NULL_CONVERSION = YES;
				CLANG_WARN_OBJC_IMPLICIT_RETAIN_SELF = YES;
				CLANG_WARN_OBJC_LITERAL_CONVERSION = YES;
				CLANG_WARN_OBJC_ROOT_CLASS = YES_ERROR;
				CLANG_WARN_QUOTED_INCLUDE_IN_FRAMEWORK_HEADER = YES;
				CLANG_WARN_RANGE_LOOP_ANALYSIS = YES;
				CLANG_WARN_STRICT_PROTOTYPES = YES;
				CLANG_WARN_SUSPICIOUS_MOVE = YES;
				CLANG_WARN_UNGUARDED_AVAILABILITY = YES_AGGRESSIVE;
				CLANG_WARN_UNREACHABLE_CODE = YES;
				CLANG_WARN__DUPLICATE_METHOD_MATCH = YES;
				COPY_PHASE_STRIP = NO;
				DEBUG_INFORMATION_FORMAT = dwarf;
				ENABLE_STRICT_OBJC_MSGSEND = YES;
				ENABLE_TESTABILITY = YES;
				GCC_C_LANGUAGE_STANDARD = gnu11;
				GCC_DYNAMIC_NO_PIC = NO;
				GCC_NO_COMMON_BLOCKS = YES;
				GCC_OPTIMIZATION_LEVEL = 0;
				GCC_PREPROCESSOR_DEFINITIONS = (
					"DEBUG=1",
					"$(inherited)",
				);
				GCC_WARN_64_TO_32_BIT_CONVERSION = YES;
				GCC_WARN_ABOUT_RETURN_TYPE = YES_ERROR;
				GCC_WARN_UNDECLARED_SELECTOR = YES;
				GCC_WARN_UNINITIALIZED_AUTOS = YES_AGGRESSIVE;
				GCC_WARN_UNUSED_FUNCTION = YES;
				GCC_WARN_UNUSED_VARIABLE = YES;
				IPHONEOS_DEPLOYMENT_TARGET = 16.0;
				MTL_ENABLE_DEBUG_INFO = INCLUDE_SOURCE;
				MTL_FAST_MATH = YES;
				ONLY_ACTIVE_ARCH = YES;
				SDKROOT = iphoneos;
				SWIFT_ACTIVE_COMPILATION_CONDITIONS = DEBUG;
				SWIFT_OPTIMIZATION_LEVEL = "-Onone";
			};
			name = Debug;
		};
		8B2953862910657000357DE4 /* Release */ = {
			isa = XCBuildConfiguration;
			buildSettings = {
				ALWAYS_SEARCH_USER_PATHS = NO;
				CLANG_ANALYZER_NONNULL = YES;
				CLANG_ANALYZER_NUMBER_OBJECT_CONVERSION = YES_AGGRESSIVE;
				CLANG_CXX_LANGUAGE_STANDARD = "gnu++20";
				CLANG_ENABLE_MODULES = YES;
				CLANG_ENABLE_OBJC_ARC = YES;
				CLANG_ENABLE_OBJC_WEAK = YES;
				CLANG_WARN_BLOCK_CAPTURE_AUTORELEASING = YES;
				CLANG_WARN_BOOL_CONVERSION = YES;
				CLANG_WARN_COMMA = YES;
				CLANG_WARN_CONSTANT_CONVERSION = YES;
				CLANG_WARN_DEPRECATED_OBJC_IMPLEMENTATIONS = YES;
				CLANG_WARN_DIRECT_OBJC_ISA_USAGE = YES_ERROR;
				CLANG_WARN_DOCUMENTATION_COMMENTS = YES;
				CLANG_WARN_EMPTY_BODY = YES;
				CLANG_WARN_ENUM_CONVERSION = YES;
				CLANG_WARN_INFINITE_RECURSION = YES;
				CLANG_WARN_INT_CONVERSION = YES;
				CLANG_WARN_NON_LITERAL_NULL_CONVERSION = YES;
				CLANG_WARN_OBJC_IMPLICIT_RETAIN_SELF = YES;
				CLANG_WARN_OBJC_LITERAL_CONVERSION = YES;
				CLANG_WARN_OBJC_ROOT_CLASS = YES_ERROR;
				CLANG_WARN_QUOTED_INCLUDE_IN_FRAMEWORK_HEADER = YES;
				CLANG_WARN_RANGE_LOOP_ANALYSIS = YES;
				CLANG_WARN_STRICT_PROTOTYPES = YES;
				CLANG_WARN_SUSPICIOUS_MOVE = YES;
				CLANG_WARN_UNGUARDED_AVAILABILITY = YES_AGGRESSIVE;
				CLANG_WARN_UNREACHABLE_CODE = YES;
				CLANG_WARN__DUPLICATE_METHOD_MATCH = YES;
				COPY_PHASE_STRIP = NO;
				DEBUG_INFORMATION_FORMAT = "dwarf-with-dsym";
				ENABLE_NS_ASSERTIONS = NO;
				ENABLE_STRICT_OBJC_MSGSEND = YES;
				GCC_C_LANGUAGE_STANDARD = gnu11;
				GCC_NO_COMMON_BLOCKS = YES;
				GCC_WARN_64_TO_32_BIT_CONVERSION = YES;
				GCC_WARN_ABOUT_RETURN_TYPE = YES_ERROR;
				GCC_WARN_UNDECLARED_SELECTOR = YES;
				GCC_WARN_UNINITIALIZED_AUTOS = YES_AGGRESSIVE;
				GCC_WARN_UNUSED_FUNCTION = YES;
				GCC_WARN_UNUSED_VARIABLE = YES;
				IPHONEOS_DEPLOYMENT_TARGET = 16.0;
				MTL_ENABLE_DEBUG_INFO = NO;
				MTL_FAST_MATH = YES;
				SDKROOT = iphoneos;
				SWIFT_COMPILATION_MODE = wholemodule;
				SWIFT_OPTIMIZATION_LEVEL = "-O";
				VALIDATE_PRODUCT = YES;
			};
			name = Release;
		};
		8B2953882910657000357DE4 /* Debug */ = {
			isa = XCBuildConfiguration;
			buildSettings = {
				ASSETCATALOG_COMPILER_APPICON_NAME = AppIcon;
				ASSETCATALOG_COMPILER_GLOBAL_ACCENT_COLOR_NAME = AccentColor;
				CODE_SIGN_STYLE = Automatic;
				CURRENT_PROJECT_VERSION = 1;
				DEVELOPMENT_TEAM = EJ2JVCPHS4;
				GENERATE_INFOPLIST_FILE = YES;
				INFOPLIST_FILE = "LocationFlickrChallenge/Supporting files/Info.plist";
				INFOPLIST_KEY_NSLocationAlwaysAndWhenInUseUsageDescription = "Used to retrieve photos from Flickr every 100 meters";
				INFOPLIST_KEY_NSLocationWhenInUseUsageDescription = "Used to retrieve photos from Flickr every 100 meters";
				INFOPLIST_KEY_UIApplicationSupportsIndirectInputEvents = YES;
				INFOPLIST_KEY_UILaunchStoryboardName = LaunchScreen;
				INFOPLIST_KEY_UIMainStoryboardFile = "";
				INFOPLIST_KEY_UISupportedInterfaceOrientations_iPad = "UIInterfaceOrientationPortrait UIInterfaceOrientationPortraitUpsideDown UIInterfaceOrientationLandscapeLeft UIInterfaceOrientationLandscapeRight";
				INFOPLIST_KEY_UISupportedInterfaceOrientations_iPhone = "UIInterfaceOrientationPortrait UIInterfaceOrientationLandscapeLeft UIInterfaceOrientationLandscapeRight";
				LD_RUNPATH_SEARCH_PATHS = (
					"$(inherited)",
					"@executable_path/Frameworks",
				);
				MARKETING_VERSION = 1.0;
				PRODUCT_BUNDLE_IDENTIFIER = com.ryblade.LocationFlickrChallenge;
				PRODUCT_NAME = "$(TARGET_NAME)";
				SWIFT_EMIT_LOC_STRINGS = YES;
				SWIFT_VERSION = 5.0;
				TARGETED_DEVICE_FAMILY = "1,2";
			};
			name = Debug;
		};
		8B2953892910657000357DE4 /* Release */ = {
			isa = XCBuildConfiguration;
			buildSettings = {
				ASSETCATALOG_COMPILER_APPICON_NAME = AppIcon;
				ASSETCATALOG_COMPILER_GLOBAL_ACCENT_COLOR_NAME = AccentColor;
				CODE_SIGN_STYLE = Automatic;
				CURRENT_PROJECT_VERSION = 1;
				DEVELOPMENT_TEAM = EJ2JVCPHS4;
				GENERATE_INFOPLIST_FILE = YES;
				INFOPLIST_FILE = "LocationFlickrChallenge/Supporting files/Info.plist";
				INFOPLIST_KEY_NSLocationAlwaysAndWhenInUseUsageDescription = "Used to retrieve photos from Flickr every 100 meters";
				INFOPLIST_KEY_NSLocationWhenInUseUsageDescription = "Used to retrieve photos from Flickr every 100 meters";
				INFOPLIST_KEY_UIApplicationSupportsIndirectInputEvents = YES;
				INFOPLIST_KEY_UILaunchStoryboardName = LaunchScreen;
				INFOPLIST_KEY_UIMainStoryboardFile = "";
				INFOPLIST_KEY_UISupportedInterfaceOrientations_iPad = "UIInterfaceOrientationPortrait UIInterfaceOrientationPortraitUpsideDown UIInterfaceOrientationLandscapeLeft UIInterfaceOrientationLandscapeRight";
				INFOPLIST_KEY_UISupportedInterfaceOrientations_iPhone = "UIInterfaceOrientationPortrait UIInterfaceOrientationLandscapeLeft UIInterfaceOrientationLandscapeRight";
				LD_RUNPATH_SEARCH_PATHS = (
					"$(inherited)",
					"@executable_path/Frameworks",
				);
				MARKETING_VERSION = 1.0;
				PRODUCT_BUNDLE_IDENTIFIER = com.ryblade.LocationFlickrChallenge;
				PRODUCT_NAME = "$(TARGET_NAME)";
				SWIFT_EMIT_LOC_STRINGS = YES;
				SWIFT_VERSION = 5.0;
				TARGETED_DEVICE_FAMILY = "1,2";
			};
			name = Release;
		};
/* End XCBuildConfiguration section */

/* Begin XCConfigurationList section */
		8B29536E2910656E00357DE4 /* Build configuration list for PBXProject "LocationFlickrChallenge" */ = {
			isa = XCConfigurationList;
			buildConfigurations = (
				8B2953852910657000357DE4 /* Debug */,
				8B2953862910657000357DE4 /* Release */,
			);
			defaultConfigurationIsVisible = 0;
			defaultConfigurationName = Release;
		};
		8B2953872910657000357DE4 /* Build configuration list for PBXNativeTarget "LocationFlickrChallenge" */ = {
			isa = XCConfigurationList;
			buildConfigurations = (
				8B2953882910657000357DE4 /* Debug */,
				8B2953892910657000357DE4 /* Release */,
			);
			defaultConfigurationIsVisible = 0;
			defaultConfigurationName = Release;
		};
/* End XCConfigurationList section */
	};
	rootObject = 8B29536B2910656E00357DE4 /* Project object */;
}
